// !$*UTF8*$!
{
	archiveVersion = 1;
	classes = {
	};
	objectVersion = 50;
	objects = {

/* Begin PBXBuildFile section */
		F62A60262259D64600D3F74F /* AppDelegate.m in Sources */ = {isa = PBXBuildFile; fileRef = F62A60252259D64600D3F74F /* AppDelegate.m */; };
		F62A60292259D64600D3F74F /* ViewController.m in Sources */ = {isa = PBXBuildFile; fileRef = F62A60282259D64600D3F74F /* ViewController.m */; };
		F62A602C2259D64600D3F74F /* Main.storyboard in Resources */ = {isa = PBXBuildFile; fileRef = F62A602A2259D64600D3F74F /* Main.storyboard */; };
		F62A602E2259D64A00D3F74F /* Assets.xcassets in Resources */ = {isa = PBXBuildFile; fileRef = F62A602D2259D64A00D3F74F /* Assets.xcassets */; };
		F62A60312259D64A00D3F74F /* LaunchScreen.storyboard in Resources */ = {isa = PBXBuildFile; fileRef = F62A602F2259D64A00D3F74F /* LaunchScreen.storyboard */; };
		F62A60342259D64A00D3F74F /* main.m in Sources */ = {isa = PBXBuildFile; fileRef = F62A60332259D64A00D3F74F /* main.m */; };
		F62A60492259F1EA00D3F74F /* VFNoteListViewController.m in Sources */ = {isa = PBXBuildFile; fileRef = F62A60482259F1EA00D3F74F /* VFNoteListViewController.m */; };
		F62A604C2259F22800D3F74F /* VFNoteListTableViewCell.m in Sources */ = {isa = PBXBuildFile; fileRef = F62A604B2259F22800D3F74F /* VFNoteListTableViewCell.m */; };
		F62A6053225A0C0A00D3F74F /* VFNoteModel.m in Sources */ = {isa = PBXBuildFile; fileRef = F62A6052225A0C0A00D3F74F /* VFNoteModel.m */; };
/* End PBXBuildFile section */

/* Begin PBXFileReference section */
		F62A60212259D64600D3F74F /* VFNoteBook.app */ = {isa = PBXFileReference; explicitFileType = wrapper.application; includeInIndex = 0; path = VFNoteBook.app; sourceTree = BUILT_PRODUCTS_DIR; };
		F62A60242259D64600D3F74F /* AppDelegate.h */ = {isa = PBXFileReference; lastKnownFileType = sourcecode.c.h; path = AppDelegate.h; sourceTree = "<group>"; };
		F62A60252259D64600D3F74F /* AppDelegate.m */ = {isa = PBXFileReference; lastKnownFileType = sourcecode.c.objc; path = AppDelegate.m; sourceTree = "<group>"; };
		F62A60272259D64600D3F74F /* ViewController.h */ = {isa = PBXFileReference; lastKnownFileType = sourcecode.c.h; path = ViewController.h; sourceTree = "<group>"; };
		F62A60282259D64600D3F74F /* ViewController.m */ = {isa = PBXFileReference; lastKnownFileType = sourcecode.c.objc; path = ViewController.m; sourceTree = "<group>"; };
		F62A602B2259D64600D3F74F /* Base */ = {isa = PBXFileReference; lastKnownFileType = file.storyboard; name = Base; path = Base.lproj/Main.storyboard; sourceTree = "<group>"; };
		F62A602D2259D64A00D3F74F /* Assets.xcassets */ = {isa = PBXFileReference; lastKnownFileType = folder.assetcatalog; path = Assets.xcassets; sourceTree = "<group>"; };
		F62A60302259D64A00D3F74F /* Base */ = {isa = PBXFileReference; lastKnownFileType = file.storyboard; name = Base; path = Base.lproj/LaunchScreen.storyboard; sourceTree = "<group>"; };
		F62A60322259D64A00D3F74F /* Info.plist */ = {isa = PBXFileReference; lastKnownFileType = text.plist.xml; path = Info.plist; sourceTree = "<group>"; };
		F62A60332259D64A00D3F74F /* main.m */ = {isa = PBXFileReference; lastKnownFileType = sourcecode.c.objc; path = main.m; sourceTree = "<group>"; };
		F62A60472259F1EA00D3F74F /* VFNoteListViewController.h */ = {isa = PBXFileReference; lastKnownFileType = sourcecode.c.h; path = VFNoteListViewController.h; sourceTree = "<group>"; };
		F62A60482259F1EA00D3F74F /* VFNoteListViewController.m */ = {isa = PBXFileReference; lastKnownFileType = sourcecode.c.objc; path = VFNoteListViewController.m; sourceTree = "<group>"; };
		F62A604A2259F22800D3F74F /* VFNoteListTableViewCell.h */ = {isa = PBXFileReference; lastKnownFileType = sourcecode.c.h; path = VFNoteListTableViewCell.h; sourceTree = "<group>"; };
		F62A604B2259F22800D3F74F /* VFNoteListTableViewCell.m */ = {isa = PBXFileReference; lastKnownFileType = sourcecode.c.objc; path = VFNoteListTableViewCell.m; sourceTree = "<group>"; };
		F62A6051225A0C0A00D3F74F /* VFNoteModel.h */ = {isa = PBXFileReference; lastKnownFileType = sourcecode.c.h; path = VFNoteModel.h; sourceTree = "<group>"; };
		F62A6052225A0C0A00D3F74F /* VFNoteModel.m */ = {isa = PBXFileReference; lastKnownFileType = sourcecode.c.objc; path = VFNoteModel.m; sourceTree = "<group>"; };
/* End PBXFileReference section */

/* Begin PBXFrameworksBuildPhase section */
		F62A601E2259D64600D3F74F /* Frameworks */ = {
			isa = PBXFrameworksBuildPhase;
			buildActionMask = 2147483647;
			files = (
			);
			runOnlyForDeploymentPostprocessing = 0;
		};
/* End PBXFrameworksBuildPhase section */

/* Begin PBXGroup section */
		F62A60182259D64500D3F74F = {
			isa = PBXGroup;
			children = (
				F62A60232259D64600D3F74F /* VFNoteBook */,
				F62A60222259D64600D3F74F /* Products */,
			);
			sourceTree = "<group>";
		};
		F62A60222259D64600D3F74F /* Products */ = {
			isa = PBXGroup;
			children = (
				F62A60212259D64600D3F74F /* VFNoteBook.app */,
			);
			name = Products;
			sourceTree = "<group>";
		};
		F62A60232259D64600D3F74F /* VFNoteBook */ = {
			isa = PBXGroup;
			children = (
				F62A604F225A0BC500D3F74F /* Models */,
				F62A603C2259F0C300D3F74F /* UI */,
				F62A603B2259F0A500D3F74F /* BusinessLogic */,
				F62A60242259D64600D3F74F /* AppDelegate.h */,
				F62A60252259D64600D3F74F /* AppDelegate.m */,
				F62A60272259D64600D3F74F /* ViewController.h */,
				F62A60282259D64600D3F74F /* ViewController.m */,
				F62A602A2259D64600D3F74F /* Main.storyboard */,
				F62A602D2259D64A00D3F74F /* Assets.xcassets */,
				F62A602F2259D64A00D3F74F /* LaunchScreen.storyboard */,
				F62A60322259D64A00D3F74F /* Info.plist */,
				F62A60332259D64A00D3F74F /* main.m */,
			);
			path = VFNoteBook;
			sourceTree = "<group>";
		};
		F62A603B2259F0A500D3F74F /* BusinessLogic */ = {
			isa = PBXGroup;
			children = (
			);
			path = BusinessLogic;
			sourceTree = "<group>";
		};
		F62A603C2259F0C300D3F74F /* UI */ = {
			isa = PBXGroup;
			children = (
				F62A60442259F17600D3F74F /* Settings */,
				F62A60412259F14600D3F74F /* DetailNote */,
				F62A603D2259F0E500D3F74F /* NoteList */,
			);
			path = UI;
			sourceTree = "<group>";
		};
		F62A603D2259F0E500D3F74F /* NoteList */ = {
			isa = PBXGroup;
			children = (
				F62A603E2259F10900D3F74F /* View */,
			);
			path = NoteList;
			sourceTree = "<group>";
		};
		F62A603E2259F10900D3F74F /* View */ = {
			isa = PBXGroup;
			children = (
				F62A60402259F12D00D3F74F /* Cell */,
				F62A603F2259F11D00D3F74F /* ViewController */,
			);
			path = View;
			sourceTree = "<group>";
		};
		F62A603F2259F11D00D3F74F /* ViewController */ = {
			isa = PBXGroup;
			children = (
				F62A60472259F1EA00D3F74F /* VFNoteListViewController.h */,
				F62A60482259F1EA00D3F74F /* VFNoteListViewController.m */,
			);
			path = ViewController;
			sourceTree = "<group>";
		};
		F62A60402259F12D00D3F74F /* Cell */ = {
			isa = PBXGroup;
			children = (
				F62A604A2259F22800D3F74F /* VFNoteListTableViewCell.h */,
				F62A604B2259F22800D3F74F /* VFNoteListTableViewCell.m */,
			);
			path = Cell;
			sourceTree = "<group>";
		};
		F62A60412259F14600D3F74F /* DetailNote */ = {
			isa = PBXGroup;
			children = (
				F62A60422259F15B00D3F74F /* View */,
			);
			path = DetailNote;
			sourceTree = "<group>";
		};
		F62A60422259F15B00D3F74F /* View */ = {
			isa = PBXGroup;
			children = (
				F62A60432259F16500D3F74F /* ViewController */,
			);
			path = View;
			sourceTree = "<group>";
		};
		F62A60432259F16500D3F74F /* ViewController */ = {
			isa = PBXGroup;
			children = (
			);
			path = ViewController;
			sourceTree = "<group>";
		};
		F62A60442259F17600D3F74F /* Settings */ = {
			isa = PBXGroup;
			children = (
				F62A60452259F18900D3F74F /* View */,
			);
			path = Settings;
			sourceTree = "<group>";
		};
		F62A60452259F18900D3F74F /* View */ = {
			isa = PBXGroup;
			children = (
				F62A60462259F18F00D3F74F /* ViewController */,
			);
			path = View;
			sourceTree = "<group>";
		};
		F62A60462259F18F00D3F74F /* ViewController */ = {
			isa = PBXGroup;
			children = (
			);
			path = ViewController;
			sourceTree = "<group>";
		};
		F62A604F225A0BC500D3F74F /* Models */ = {
			isa = PBXGroup;
			children = (
				F62A6050225A0BD500D3F74F /* NoteModel */,
			);
			path = Models;
			sourceTree = "<group>";
		};
		F62A6050225A0BD500D3F74F /* NoteModel */ = {
			isa = PBXGroup;
			children = (
				F62A6051225A0C0A00D3F74F /* VFNoteModel.h */,
				F62A6052225A0C0A00D3F74F /* VFNoteModel.m */,
			);
			path = NoteModel;
			sourceTree = "<group>";
		};
/* End PBXGroup section */

/* Begin PBXNativeTarget section */
		F62A60202259D64600D3F74F /* VFNoteBook */ = {
			isa = PBXNativeTarget;
			buildConfigurationList = F62A60372259D64A00D3F74F /* Build configuration list for PBXNativeTarget "VFNoteBook" */;
			buildPhases = (
				F62A601D2259D64600D3F74F /* Sources */,
				F62A601E2259D64600D3F74F /* Frameworks */,
				F62A601F2259D64600D3F74F /* Resources */,
			);
			buildRules = (
			);
			dependencies = (
			);
			name = VFNoteBook;
			productName = VFNoteBook;
			productReference = F62A60212259D64600D3F74F /* VFNoteBook.app */;
			productType = "com.apple.product-type.application";
		};
/* End PBXNativeTarget section */

/* Begin PBXProject section */
		F62A60192259D64500D3F74F /* Project object */ = {
			isa = PBXProject;
			attributes = {
				LastUpgradeCheck = 1010;
				ORGANIZATIONNAME = BuboBubo;
				TargetAttributes = {
					F62A60202259D64600D3F74F = {
						CreatedOnToolsVersion = 10.1;
					};
				};
			};
			buildConfigurationList = F62A601C2259D64500D3F74F /* Build configuration list for PBXProject "VFNoteBook" */;
			compatibilityVersion = "Xcode 9.3";
			developmentRegion = en;
			hasScannedForEncodings = 0;
			knownRegions = (
				en,
				Base,
			);
			mainGroup = F62A60182259D64500D3F74F;
			productRefGroup = F62A60222259D64600D3F74F /* Products */;
			projectDirPath = "";
			projectRoot = "";
			targets = (
				F62A60202259D64600D3F74F /* VFNoteBook */,
			);
		};
/* End PBXProject section */

/* Begin PBXResourcesBuildPhase section */
		F62A601F2259D64600D3F74F /* Resources */ = {
			isa = PBXResourcesBuildPhase;
			buildActionMask = 2147483647;
			files = (
				F62A60312259D64A00D3F74F /* LaunchScreen.storyboard in Resources */,
				F62A602E2259D64A00D3F74F /* Assets.xcassets in Resources */,
				F62A602C2259D64600D3F74F /* Main.storyboard in Resources */,
			);
			runOnlyForDeploymentPostprocessing = 0;
		};
/* End PBXResourcesBuildPhase section */

/* Begin PBXSourcesBuildPhase section */
		F62A601D2259D64600D3F74F /* Sources */ = {
			isa = PBXSourcesBuildPhase;
			buildActionMask = 2147483647;
			files = (
				F62A60292259D64600D3F74F /* ViewController.m in Sources */,
				F62A60342259D64A00D3F74F /* main.m in Sources */,
				F62A604C2259F22800D3F74F /* VFNoteListTableViewCell.m in Sources */,
				F62A60492259F1EA00D3F74F /* VFNoteListViewController.m in Sources */,
				F62A60262259D64600D3F74F /* AppDelegate.m in Sources */,
				F62A6053225A0C0A00D3F74F /* VFNoteModel.m in Sources */,
			);
			runOnlyForDeploymentPostprocessing = 0;
		};
/* End PBXSourcesBuildPhase section */

/* Begin PBXVariantGroup section */
		F62A602A2259D64600D3F74F /* Main.storyboard */ = {
			isa = PBXVariantGroup;
			children = (
				F62A602B2259D64600D3F74F /* Base */,
			);
			name = Main.storyboard;
			sourceTree = "<group>";
		};
		F62A602F2259D64A00D3F74F /* LaunchScreen.storyboard */ = {
			isa = PBXVariantGroup;
			children = (
				F62A60302259D64A00D3F74F /* Base */,
			);
			name = LaunchScreen.storyboard;
			sourceTree = "<group>";
		};
/* End PBXVariantGroup section */

/* Begin XCBuildConfiguration section */
		F62A60352259D64A00D3F74F /* Debug */ = {
			isa = XCBuildConfiguration;
			buildSettings = {
				ALWAYS_SEARCH_USER_PATHS = NO;
				CLANG_ANALYZER_NONNULL = YES;
				CLANG_ANALYZER_NUMBER_OBJECT_CONVERSION = YES_AGGRESSIVE;
				CLANG_CXX_LANGUAGE_STANDARD = "gnu++14";
				CLANG_CXX_LIBRARY = "libc++";
				CLANG_ENABLE_MODULES = YES;
				CLANG_ENABLE_OBJC_ARC = YES;
				CLANG_ENABLE_OBJC_WEAK = YES;
				CLANG_WARN_BLOCK_CAPTURE_AUTORELEASING = YES;
				CLANG_WARN_BOOL_CONVERSION = YES;
				CLANG_WARN_COMMA = YES;
				CLANG_WARN_CONSTANT_CONVERSION = YES;
				CLANG_WARN_DEPRECATED_OBJC_IMPLEMENTATIONS = YES;
				CLANG_WARN_DIRECT_OBJC_ISA_USAGE = YES_ERROR;
				CLANG_WARN_DOCUMENTATION_COMMENTS = YES;
				CLANG_WARN_EMPTY_BODY = YES;
				CLANG_WARN_ENUM_CONVERSION = YES;
				CLANG_WARN_INFINITE_RECURSION = YES;
				CLANG_WARN_INT_CONVERSION = YES;
				CLANG_WARN_NON_LITERAL_NULL_CONVERSION = YES;
				CLANG_WARN_OBJC_IMPLICIT_RETAIN_SELF = YES;
				CLANG_WARN_OBJC_LITERAL_CONVERSION = YES;
				CLANG_WARN_OBJC_ROOT_CLASS = YES_ERROR;
				CLANG_WARN_RANGE_LOOP_ANALYSIS = YES;
				CLANG_WARN_STRICT_PROTOTYPES = YES;
				CLANG_WARN_SUSPICIOUS_MOVE = YES;
				CLANG_WARN_UNGUARDED_AVAILABILITY = YES_AGGRESSIVE;
				CLANG_WARN_UNREACHABLE_CODE = YES;
				CLANG_WARN__DUPLICATE_METHOD_MATCH = YES;
				CODE_SIGN_IDENTITY = "iPhone Developer";
				COPY_PHASE_STRIP = NO;
				DEBUG_INFORMATION_FORMAT = dwarf;
				ENABLE_STRICT_OBJC_MSGSEND = YES;
				ENABLE_TESTABILITY = YES;
				GCC_C_LANGUAGE_STANDARD = gnu11;
				GCC_DYNAMIC_NO_PIC = NO;
				GCC_NO_COMMON_BLOCKS = YES;
				GCC_OPTIMIZATION_LEVEL = 0;
				GCC_PREPROCESSOR_DEFINITIONS = (
					"DEBUG=1",
					"$(inherited)",
				);
				GCC_WARN_64_TO_32_BIT_CONVERSION = YES;
				GCC_WARN_ABOUT_RETURN_TYPE = YES_ERROR;
				GCC_WARN_UNDECLARED_SELECTOR = YES;
				GCC_WARN_UNINITIALIZED_AUTOS = YES_AGGRESSIVE;
				GCC_WARN_UNUSED_FUNCTION = YES;
				GCC_WARN_UNUSED_VARIABLE = YES;
				IPHONEOS_DEPLOYMENT_TARGET = 12.1;
				MTL_ENABLE_DEBUG_INFO = INCLUDE_SOURCE;
				MTL_FAST_MATH = YES;
				ONLY_ACTIVE_ARCH = YES;
				SDKROOT = iphoneos;
			};
			name = Debug;
		};
		F62A60362259D64A00D3F74F /* Release */ = {
			isa = XCBuildConfiguration;
			buildSettings = {
				ALWAYS_SEARCH_USER_PATHS = NO;
				CLANG_ANALYZER_NONNULL = YES;
				CLANG_ANALYZER_NUMBER_OBJECT_CONVERSION = YES_AGGRESSIVE;
				CLANG_CXX_LANGUAGE_STANDARD = "gnu++14";
				CLANG_CXX_LIBRARY = "libc++";
				CLANG_ENABLE_MODULES = YES;
				CLANG_ENABLE_OBJC_ARC = YES;
				CLANG_ENABLE_OBJC_WEAK = YES;
				CLANG_WARN_BLOCK_CAPTURE_AUTORELEASING = YES;
				CLANG_WARN_BOOL_CONVERSION = YES;
				CLANG_WARN_COMMA = YES;
				CLANG_WARN_CONSTANT_CONVERSION = YES;
				CLANG_WARN_DEPRECATED_OBJC_IMPLEMENTATIONS = YES;
				CLANG_WARN_DIRECT_OBJC_ISA_USAGE = YES_ERROR;
				CLANG_WARN_DOCUMENTATION_COMMENTS = YES;
				CLANG_WARN_EMPTY_BODY = YES;
				CLANG_WARN_ENUM_CONVERSION = YES;
				CLANG_WARN_INFINITE_RECURSION = YES;
				CLANG_WARN_INT_CONVERSION = YES;
				CLANG_WARN_NON_LITERAL_NULL_CONVERSION = YES;
				CLANG_WARN_OBJC_IMPLICIT_RETAIN_SELF = YES;
				CLANG_WARN_OBJC_LITERAL_CONVERSION = YES;
				CLANG_WARN_OBJC_ROOT_CLASS = YES_ERROR;
				CLANG_WARN_RANGE_LOOP_ANALYSIS = YES;
				CLANG_WARN_STRICT_PROTOTYPES = YES;
				CLANG_WARN_SUSPICIOUS_MOVE = YES;
				CLANG_WARN_UNGUARDED_AVAILABILITY = YES_AGGRESSIVE;
				CLANG_WARN_UNREACHABLE_CODE = YES;
				CLANG_WARN__DUPLICATE_METHOD_MATCH = YES;
				CODE_SIGN_IDENTITY = "iPhone Developer";
				COPY_PHASE_STRIP = NO;
				DEBUG_INFORMATION_FORMAT = "dwarf-with-dsym";
				ENABLE_NS_ASSERTIONS = NO;
				ENABLE_STRICT_OBJC_MSGSEND = YES;
				GCC_C_LANGUAGE_STANDARD = gnu11;
				GCC_NO_COMMON_BLOCKS = YES;
				GCC_WARN_64_TO_32_BIT_CONVERSION = YES;
				GCC_WARN_ABOUT_RETURN_TYPE = YES_ERROR;
				GCC_WARN_UNDECLARED_SELECTOR = YES;
				GCC_WARN_UNINITIALIZED_AUTOS = YES_AGGRESSIVE;
				GCC_WARN_UNUSED_FUNCTION = YES;
				GCC_WARN_UNUSED_VARIABLE = YES;
				IPHONEOS_DEPLOYMENT_TARGET = 12.1;
				MTL_ENABLE_DEBUG_INFO = NO;
				MTL_FAST_MATH = YES;
				SDKROOT = iphoneos;
				VALIDATE_PRODUCT = YES;
			};
			name = Release;
		};
		F62A60382259D64A00D3F74F /* Debug */ = {
			isa = XCBuildConfiguration;
			buildSettings = {
				ASSETCATALOG_COMPILER_APPICON_NAME = AppIcon;
				CODE_SIGN_STYLE = Automatic;
				DEVELOPMENT_TEAM = C4JKJV6DA8;
				INFOPLIST_FILE = VFNoteBook/Info.plist;
				IPHONEOS_DEPLOYMENT_TARGET = 11.0;
				LD_RUNPATH_SEARCH_PATHS = (
					"$(inherited)",
					"@executable_path/Frameworks",
				);
				PRODUCT_BUNDLE_IDENTIFIER = com.bubobubo.VFNoteBook;
				PRODUCT_NAME = "$(TARGET_NAME)";
				TARGETED_DEVICE_FAMILY = "1,2";
			};
			name = Debug;
		};
		F62A60392259D64A00D3F74F /* Release */ = {
			isa = XCBuildConfiguration;
			buildSettings = {
				ASSETCATALOG_COMPILER_APPICON_NAME = AppIcon;
				CODE_SIGN_STYLE = Automatic;
				DEVELOPMENT_TEAM = C4JKJV6DA8;
				INFOPLIST_FILE = VFNoteBook/Info.plist;
				IPHONEOS_DEPLOYMENT_TARGET = 11.0;
				LD_RUNPATH_SEARCH_PATHS = (
					"$(inherited)",
					"@executable_path/Frameworks",
				);
				PRODUCT_BUNDLE_IDENTIFIER = com.bubobubo.VFNoteBook;
				PRODUCT_NAME = "$(TARGET_NAME)";
				TARGETED_DEVICE_FAMILY = "1,2";
			};
			name = Release;
		};
/* End XCBuildConfiguration section */

/* Begin XCConfigurationList section */
		F62A601C2259D64500D3F74F /* Build configuration list for PBXProject "VFNoteBook" */ = {
			isa = XCConfigurationList;
			buildConfigurations = (
				F62A60352259D64A00D3F74F /* Debug */,
				F62A60362259D64A00D3F74F /* Release */,
			);
			defaultConfigurationIsVisible = 0;
			defaultConfigurationName = Release;
		};
		F62A60372259D64A00D3F74F /* Build configuration list for PBXNativeTarget "VFNoteBook" */ = {
			isa = XCConfigurationList;
			buildConfigurations = (
				F62A60382259D64A00D3F74F /* Debug */,
				F62A60392259D64A00D3F74F /* Release */,
			);
			defaultConfigurationIsVisible = 0;
			defaultConfigurationName = Release;
		};
/* End XCConfigurationList section */
	};
	rootObject = F62A60192259D64500D3F74F /* Project object */;
}
